
Microsoft Visual Studio Solution File, Format Version 12.00
# Visual Studio Version 17
VisualStudioVersion = 17.5.33530.505
MinimumVisualStudioVersion = 10.0.40219.1
Project("{FAE04EC0-301F-11D3-BF4B-00C04F79EFBC}") = "WebAPI", "WebAPI\WebAPI.csproj", "{4A081208-9238-4D5E-A0ED-48D0821F168B}"
EndProject
Project("{FAE04EC0-301F-11D3-BF4B-00C04F79EFBC}") = "Domain", "Domain\Domain.csproj", "{DE373C9A-22B9-470B-8748-89B7AB2BDAA0}"
EndProject
Project("{FAE04EC0-301F-11D3-BF4B-00C04F79EFBC}") = "Persistence", "Persistence\Persistence.csproj", "{1110341A-41CE-4F57-97D1-8C275D606E56}"
EndProject
Project("{FAE04EC0-301F-11D3-BF4B-00C04F79EFBC}") = "Application", "Application\Application.csproj", "{60B2F474-9A40-4B87-B230-9811BCD7224A}"
EndProject
Project("{FAE04EC0-301F-11D3-BF4B-00C04F79EFBC}") = "Infrastructure", "Infrastructure\Infrastructure.csproj", "{BAF2B60B-330E-4B5D-B3BF-2FE132980CA3}"
EndProject
Global
	GlobalSection(SolutionConfigurationPlatforms) = preSolution
		Debug|Any CPU = Debug|Any CPU
		Release|Any CPU = Release|Any CPU
	EndGlobalSection
	GlobalSection(ProjectConfigurationPlatforms) = postSolution
		{4A081208-9238-4D5E-A0ED-48D0821F168B}.Debug|Any CPU.ActiveCfg = Debug|Any CPU
		{4A081208-9238-4D5E-A0ED-48D0821F168B}.Debug|Any CPU.Build.0 = Debug|Any CPU
		{4A081208-9238-4D5E-A0ED-48D0821F168B}.Release|Any CPU.ActiveCfg = Release|Any CPU
		{4A081208-9238-4D5E-A0ED-48D0821F168B}.Release|Any CPU.Build.0 = Release|Any CPU
		{DE373C9A-22B9-470B-8748-89B7AB2BDAA0}.Debug|Any CPU.ActiveCfg = Debug|Any CPU
		{DE373C9A-22B9-470B-8748-89B7AB2BDAA0}.Debug|Any CPU.Build.0 = Debug|Any CPU
		{DE373C9A-22B9-470B-8748-89B7AB2BDAA0}.Release|Any CPU.ActiveCfg = Release|Any CPU
		{DE373C9A-22B9-470B-8748-89B7AB2BDAA0}.Release|Any CPU.Build.0 = Release|Any CPU
		{1110341A-41CE-4F57-97D1-8C275D606E56}.Debug|Any CPU.ActiveCfg = Debug|Any CPU
		{1110341A-41CE-4F57-97D1-8C275D606E56}.Debug|Any CPU.Build.0 = Debug|Any CPU
		{1110341A-41CE-4F57-97D1-8C275D606E56}.Release|Any CPU.ActiveCfg = Release|Any CPU
		{1110341A-41CE-4F57-97D1-8C275D606E56}.Release|Any CPU.Build.0 = Release|Any CPU
		{60B2F474-9A40-4B87-B230-9811BCD7224A}.Debug|Any CPU.ActiveCfg = Debug|Any CPU
		{60B2F474-9A40-4B87-B230-9811BCD7224A}.Debug|Any CPU.Build.0 = Debug|Any CPU
		{60B2F474-9A40-4B87-B230-9811BCD7224A}.Release|Any CPU.ActiveCfg = Release|Any CPU
		{60B2F474-9A40-4B87-B230-9811BCD7224A}.Release|Any CPU.Build.0 = Release|Any CPU
		{BAF2B60B-330E-4B5D-B3BF-2FE132980CA3}.Debug|Any CPU.ActiveCfg = Debug|Any CPU
		{BAF2B60B-330E-4B5D-B3BF-2FE132980CA3}.Debug|Any CPU.Build.0 = Debug|Any CPU
		{BAF2B60B-330E-4B5D-B3BF-2FE132980CA3}.Release|Any CPU.ActiveCfg = Release|Any CPU
		{BAF2B60B-330E-4B5D-B3BF-2FE132980CA3}.Release|Any CPU.Build.0 = Release|Any CPU
	EndGlobalSection
	GlobalSection(SolutionProperties) = preSolution
		HideSolutionNode = FALSE
	EndGlobalSection
	GlobalSection(ExtensibilityGlobals) = postSolution
		SolutionGuid = {99D60306-0AF3-463D-89F0-9CBE63F812F4}
	EndGlobalSection
EndGlobal
